{
  "name": "motscroises",
  "version": "1.0.0",
  "lockfileVersion": 3,
  "requires": true,
  "packages": {
    "": {
      "name": "motscroises",
      "version": "1.0.0",
      "license": "MIT",
      "dependencies": {
        "dawg-lookup": "^2.2.1"
      }
    },
    "node_modules/dawg-lookup": {
      "version": "2.2.1",
      "resolved": "https://registry.npmjs.org/dawg-lookup/-/dawg-lookup-2.2.1.tgz",
      "integrity": "sha512-qfyW2LTY5XXDi2CLNoIsHZfS1SPRP7CKPyPcsZUjmIw6hQ3ip++mrxBNp0RSrtVU3hGZk6q3NOujAXeENunlTQ==",
      "bin": {
        "dawg-lookup": "lib/dawg.js"
      }
    }
  }
}
